{
  "name": "01-quickly-start",
  "version": "1.0.0",
  "lockfileVersion": 2,
  "requires": true,
  "packages": {
    "": {
      "name": "01-quickly-start",
      "version": "1.0.0",
      "license": "ISC",
      "dependencies": {
        "jsonsep": "file:../.."
      }
    },
    "../..": {
      "version": "1.0.0",
      "license": "MIT",
      "dependencies": {
        "@types/node": "^17.0.8",
        "@types/should": "^13.0.0",
        "axios": "^0.24.0",
        "puppeteer-core": "^13.0.1",
        "reflect-metadata": "^0.1.13",
        "should": "^13.2.3"
      },
      "devDependencies": {
        "mocha": "^9.1.3"
      }
    },
    "node_modules/jsonsep": {
      "resolved": "../..",
      "link": true
    }
  },
  "dependencies": {
    "jsonsep": {
      "version": "file:../..",
      "requires": {
        "@types/node": "^17.0.8",
        "@types/should": "^13.0.0",
        "axios": "^0.24.0",
        "mocha": "^9.1.3",
        "puppeteer-core": "^13.0.1",
        "reflect-metadata": "^0.1.13",
        "should": "^13.2.3"
      }
    }
  }
}
